<?xml version="1.0" encoding="utf-8"?>
<Project ToolsVersion="4.0" xmlns="http://schemas.microsoft.com/developer/msbuild/2003">
  <ItemGroup>
    <Filter Include="Source Files">
      <UniqueIdentifier>{4FC737F1-C7A5-4376-A066-2A32D752A2FF}</UniqueIdentifier>
      <Extensions>cpp;c;cc;cxx;def;odl;idl;hpj;bat;asm;asmx</Extensions>
    </Filter>
    <Filter Include="Header Files">
      <UniqueIdentifier>{93995380-89BD-4b04-88EB-625FBE52EBFB}</UniqueIdentifier>
      <Extensions>h;hh;hpp;hxx;hm;inl;inc;xsd</Extensions>
    </Filter>
    <Filter Include="Resource Files">
      <UniqueIdentifier>{D9D6E242-F8AF-46E4-B9FD-80ECBC20BA3E}</UniqueIdentifier>
      <Extensions>qrc;*</Extensions>
      <ParseFiles>false</ParseFiles>
    </Filter>
    <Filter Include="Form Files">
      <UniqueIdentifier>{99349809-55BA-4b9d-BF79-8FDBB0286EB3}</UniqueIdentifier>
      <Extensions>ui</Extensions>
    </Filter>
    <Filter Include="Resource Files">
      <UniqueIdentifier>{D9D6E242-F8AF-46E4-B9FD-80ECBC20BA3E}</UniqueIdentifier>
      <Extensions>qrc;*</Extensions>
      <ParseFiles>false</ParseFiles>
    </Filter>
    <Filter Include="Generated Files">
      <UniqueIdentifier>{71ED8ED8-ACB9-4CE9-BBE1-E00B30144E11}</UniqueIdentifier>
      <Extensions>moc;h;cpp</Extensions>
      <SourceControlFiles>False</SourceControlFiles>
    </Filter>
    <Filter Include="Generated Files\Debug">
      <UniqueIdentifier>{c359db82-d66b-4064-9ac2-6f46ad2ee1da}</UniqueIdentifier>
      <Extensions>cpp;moc</Extensions>
      <SourceControlFiles>False</SourceControlFiles>
    </Filter>
    <Filter Include="Generated Files\Release">
      <UniqueIdentifier>{e7e953f2-664e-458c-82fd-5a89aed07baa}</UniqueIdentifier>
      <Extensions>cpp;moc</Extensions>
      <SourceControlFiles>False</SourceControlFiles>
    </Filter>
  </ItemGroup>
  <ItemGroup>
    <ClCompile Include="main.cpp">
      <Filter>Source Files</Filter>
    </ClCompile>
    <ClCompile Include="QtGuiPE.cpp">
      <Filter>Source Files</Filter>
    </ClCompile>
    <ClCompile Include="GeneratedFiles\Debug\moc_QtGuiPE.cpp">
      <Filter>Generated Files\Debug</Filter>
    </ClCompile>
    <ClCompile Include="GeneratedFiles\Release\moc_QtGuiPE.cpp">
      <Filter>Generated Files\Release</Filter>
    </ClCompile>
    <ClCompile Include="GeneratedFiles\qrc_QtGuiPE.cpp">
      <Filter>Generated Files</Filter>
    </ClCompile>
    <ClCompile Include="PE_FILE1S.cpp">
      <Filter>Source Files</Filter>
    </ClCompile>
    <ClCompile Include="QtGuiPE_Except.cpp">
      <Filter>Source Files</Filter>
    </ClCompile>
    <ClCompile Include="GeneratedFiles\qrc_QtGuiPE_Except.cpp">
      <Filter>Generated Files</Filter>
    </ClCompile>
    <ClCompile Include="GeneratedFiles\Debug\moc_QtGuiPE_Except.cpp">
      <Filter>Generated Files\Debug</Filter>
    </ClCompile>
    <ClCompile Include="GeneratedFiles\Release\moc_QtGuiPE_Except.cpp">
      <Filter>Generated Files\Release</Filter>
    </ClCompile>
    <ClCompile Include="GeneratedFiles\Debug\moc_QtGuiPE_DataDirectory.cpp">
      <Filter>Generated Files\Debug</Filter>
    </ClCompile>
    <ClCompile Include="GeneratedFiles\Release\moc_QtGuiPE_DataDirectory.cpp">
      <Filter>Generated Files\Release</Filter>
    </ClCompile>
    <ClCompile Include="GeneratedFiles\qrc_QtGuiPE_DataDirectory.cpp">
      <Filter>Generated Files</Filter>
    </ClCompile>
    <ClCompile Include="QtGuiPE_DataDirectory.cpp">
      <Filter>Source Files</Filter>
    </ClCompile>
    <ClCompile Include="GeneratedFiles\Debug\moc_QtGuiPE_Sections.cpp">
      <Filter>Generated Files\Debug</Filter>
    </ClCompile>
    <ClCompile Include="GeneratedFiles\Release\moc_QtGuiPE_Sections.cpp">
      <Filter>Generated Files\Release</Filter>
    </ClCompile>
    <ClCompile Include="GeneratedFiles\qrc_QtGuiPE_Sections.cpp">
      <Filter>Generated Files</Filter>
    </ClCompile>
    <ClCompile Include="QtGuiPE_Sections.cpp">
      <Filter>Source Files</Filter>
    </ClCompile>
    <ClCompile Include="QtGuiPE_ImportTable.cpp">
      <Filter>Source Files</Filter>
    </ClCompile>
    <ClCompile Include="GeneratedFiles\qrc_QtGuiPE_ImportTable.cpp">
      <Filter>Generated Files</Filter>
    </ClCompile>
    <ClCompile Include="GeneratedFiles\Debug\moc_QtGuiPE_ImportTable.cpp">
      <Filter>Generated Files\Debug</Filter>
    </ClCompile>
    <ClCompile Include="GeneratedFiles\Release\moc_QtGuiPE_ImportTable.cpp">
      <Filter>Generated Files\Release</Filter>
    </ClCompile>
    <ClCompile Include="GeneratedFiles\Debug\moc_QtGuiPE_Thunks.cpp">
      <Filter>Generated Files\Debug</Filter>
    </ClCompile>
    <ClCompile Include="GeneratedFiles\Release\moc_QtGuiPE_Thunks.cpp">
      <Filter>Generated Files\Release</Filter>
    </ClCompile>
    <ClCompile Include="GeneratedFiles\qrc_QtGuiPE_Thunks.cpp">
      <Filter>Generated Files</Filter>
    </ClCompile>
    <ClCompile Include="QtGuiPE_Thunks.cpp">
      <Filter>Source Files</Filter>
    </ClCompile>
    <ClCompile Include="GeneratedFiles\Debug\moc_QtGuiPE_ExportTable.cpp">
      <Filter>Generated Files\Debug</Filter>
    </ClCompile>
    <ClCompile Include="GeneratedFiles\Release\moc_QtGuiPE_ExportTable.cpp">
      <Filter>Generated Files\Release</Filter>
    </ClCompile>
    <ClCompile Include="GeneratedFiles\qrc_QtGuiPE_ExportTable.cpp">
      <Filter>Generated Files</Filter>
    </ClCompile>
    <ClCompile Include="QtGuiPE_ExportTable.cpp">
      <Filter>Source Files</Filter>
    </ClCompile>
    <ClCompile Include="GeneratedFiles\Debug\moc_QtGuiPE_Characteristics.cpp">
      <Filter>Generated Files\Debug</Filter>
    </ClCompile>
    <ClCompile Include="GeneratedFiles\Release\moc_QtGuiPE_Characteristics.cpp">
      <Filter>Generated Files\Release</Filter>
    </ClCompile>
    <ClCompile Include="GeneratedFiles\Debug\moc_QtGuiPE_DLLCharacteristics.cpp">
      <Filter>Generated Files\Debug</Filter>
    </ClCompile>
    <ClCompile Include="GeneratedFiles\Release\moc_QtGuiPE_DLLCharacteristics.cpp">
      <Filter>Generated Files\Release</Filter>
    </ClCompile>
    <ClCompile Include="GeneratedFiles\qrc_QtGuiPE_Characteristics.cpp">
      <Filter>Generated Files</Filter>
    </ClCompile>
    <ClCompile Include="GeneratedFiles\qrc_QtGuiPE_DLLCharacteristics.cpp">
      <Filter>Generated Files</Filter>
    </ClCompile>
    <ClCompile Include="QtGuiPE_Characteristics.cpp">
      <Filter>Source Files</Filter>
    </ClCompile>
    <ClCompile Include="QtGuiPE_DLLCharacteristics.cpp">
      <Filter>Source Files</Filter>
    </ClCompile>
    <ClCompile Include="PE_FILE1_EXCEPTION.cpp">
      <Filter>Source Files</Filter>
    </ClCompile>
    <ClCompile Include="QtGuiPE_Resource.cpp">
      <Filter>Source Files</Filter>
    </ClCompile>
    <ClCompile Include="GeneratedFiles\qrc_QtGuiPE_Resource.cpp">
      <Filter>Generated Files</Filter>
    </ClCompile>
    <ClCompile Include="GeneratedFiles\Debug\moc_QtGuiPE_Resource.cpp">
      <Filter>Generated Files\Debug</Filter>
    </ClCompile>
    <ClCompile Include="GeneratedFiles\Release\moc_QtGuiPE_Resource.cpp">
      <Filter>Generated Files\Release</Filter>
    </ClCompile>
  </ItemGroup>
  <ItemGroup>
    <CustomBuild Include="QtGuiPE.h">
      <Filter>Header Files</Filter>
    </CustomBuild>
    <CustomBuild Include="QtGuiPE.ui">
      <Filter>Form Files</Filter>
    </CustomBuild>
    <CustomBuild Include="QtGuiPE.qrc">
      <Filter>Resource Files</Filter>
    </CustomBuild>
    <CustomBuild Include="QtGuiPE_Except.qrc">
      <Filter>Resource Files</Filter>
    </CustomBuild>
    <CustomBuild Include="QtGuiPE_Except.h">
      <Filter>Header Files</Filter>
    </CustomBuild>
    <CustomBuild Include="QtGuiPE_Except.ui">
      <Filter>Form Files</Filter>
    </CustomBuild>
    <CustomBuild Include="QtGuiPE_DataDirectory.h">
      <Filter>Header Files</Filter>
    </CustomBuild>
    <CustomBuild Include="QtGuiPE_DataDirectory.qrc">
      <Filter>Resource Files</Filter>
    </CustomBuild>
    <CustomBuild Include="QtGuiPE_DataDirectory.ui">
      <Filter>Form Files</Filter>
    </CustomBuild>
    <CustomBuild Include="QtGuiPE_Sections.ui">
      <Filter>Form Files</Filter>
    </CustomBuild>
    <CustomBuild Include="QtGuiPE_Sections.h">
      <Filter>Header Files</Filter>
    </CustomBuild>
    <CustomBuild Include="QtGuiPE_Sections.qrc">
      <Filter>Resource Files</Filter>
    </CustomBuild>
    <CustomBuild Include="QtGuiPE_ImportTable.qrc">
      <Filter>Resource Files</Filter>
    </CustomBuild>
    <CustomBuild Include="QtGuiPE_ImportTable.h">
      <Filter>Header Files</Filter>
    </CustomBuild>
    <CustomBuild Include="QtGuiPE_ImportTable.ui">
      <Filter>Form Files</Filter>
    </CustomBuild>
    <CustomBuild Include="QtGuiPE_Thunks.ui">
      <Filter>Form Files</Filter>
    </CustomBuild>
    <CustomBuild Include="QtGuiPE_Thunks.h">
      <Filter>Header Files</Filter>
    </CustomBuild>
    <CustomBuild Include="QtGuiPE_Thunks.qrc">
      <Filter>Resource Files</Filter>
    </CustomBuild>
    <CustomBuild Include="QtGuiPE_ExportTable.ui">
      <Filter>Form Files</Filter>
    </CustomBuild>
    <CustomBuild Include="QtGuiPE_ExportTable.h">
      <Filter>Header Files</Filter>
    </CustomBuild>
    <CustomBuild Include="QtGuiPE_ExportTable.qrc">
      <Filter>Resource Files</Filter>
    </CustomBuild>
    <CustomBuild Include="QtGuiPE_Characteristics.ui">
      <Filter>Form Files</Filter>
    </CustomBuild>
    <CustomBuild Include="QtGuiPE_DLLCharacteristics.ui">
      <Filter>Form Files</Filter>
    </CustomBuild>
    <CustomBuild Include="QtGuiPE_Characteristics.h">
      <Filter>Header Files</Filter>
    </CustomBuild>
    <CustomBuild Include="QtGuiPE_DLLCharacteristics.h">
      <Filter>Header Files</Filter>
    </CustomBuild>
    <CustomBuild Include="QtGuiPE_Characteristics.qrc">
      <Filter>Resource Files</Filter>
    </CustomBuild>
    <CustomBuild Include="QtGuiPE_DLLCharacteristics.qrc">
      <Filter>Resource Files</Filter>
    </CustomBuild>
    <CustomBuild Include="QtGuiPE_Resource.qrc">
      <Filter>Resource Files</Filter>
    </CustomBuild>
    <CustomBuild Include="QtGuiPE_Resource.h">
      <Filter>Header Files</Filter>
    </CustomBuild>
    <CustomBuild Include="QtGuiPE_Resource.ui">
      <Filter>Form Files</Filter>
    </CustomBuild>
  </ItemGroup>
  <ItemGroup>
    <ClInclude Include="GeneratedFiles\ui_QtGuiPE.h">
      <Filter>Generated Files</Filter>
    </ClInclude>
    <ClInclude Include="my_winnt.h">
      <Filter>Header Files</Filter>
    </ClInclude>
    <ClInclude Include="PE_FILE1.h">
      <Filter>Header Files</Filter>
    </ClInclude>
    <ClInclude Include="GeneratedFiles\ui_QtGuiPE_Except.h">
      <Filter>Generated Files</Filter>
    </ClInclude>
    <ClInclude Include="GeneratedFiles\ui_QtGuiPE_DataDirectory.h">
      <Filter>Generated Files</Filter>
    </ClInclude>
    <ClInclude Include="GeneratedFiles\ui_QtGuiPE_Sections.h">
      <Filter>Generated Files</Filter>
    </ClInclude>
    <ClInclude Include="GeneratedFiles\ui_QtGuiPE_ImportTable.h">
      <Filter>Generated Files</Filter>
    </ClInclude>
    <ClInclude Include="GeneratedFiles\ui_QtGuiPE_Thunks.h">
      <Filter>Generated Files</Filter>
    </ClInclude>
    <ClInclude Include="GeneratedFiles\ui_QtGuiPE_ExportTable.h">
      <Filter>Generated Files</Filter>
    </ClInclude>
    <ClInclude Include="GeneratedFiles\ui_QtGuiPE_Characteristics.h">
      <Filter>Generated Files</Filter>
    </ClInclude>
    <ClInclude Include="GeneratedFiles\ui_QtGuiPE_DLLCharacteristics.h">
      <Filter>Generated Files</Filter>
    </ClInclude>
    <ClInclude Include="PE_FILE1_EXCEPTION.h">
      <Filter>Header Files</Filter>
    </ClInclude>
    <ClInclude Include="resource.h">
      <Filter>Header Files</Filter>
    </ClInclude>
    <ClInclude Include="GeneratedFiles\ui_QtGuiPE_Resource.h">
      <Filter>Generated Files</Filter>
    </ClInclude>
  </ItemGroup>
  <ItemGroup>
    <ResourceCompile Include="QtGuiPE.rc" />
  </ItemGroup>
</Project>